<?xml version="1.0" encoding="UTF-8"?>
<project
   version = "1.0"
   xmlns = "http://www.apple.com/developer/xcode/1.0">
   <name>MeBeatMe</name>
   <path>MeBeatMe.xcodeproj</path>
   <source-control>
      <repository>
         <name>MeBeatMe</name>
         <path>MeBeatMe.xcodeproj</path>
         <source-control-type>git</source-control-type>
      </repository>
   </source-control>
</project>
